
Microsoft Visual Studio Solution File, Format Version 12.00
# Visual Studio Version 17
VisualStudioVersion = 17.0.31903.59
MinimumVisualStudioVersion = 10.0.40219.1
Project("{2150E333-8FDC-42A3-9474-1A3956D46DE8}") = "src", "src", "{827E0CD3-B72D-47B6-A68D-7590B98EB39B}"
EndProject
Project("{FAE04EC0-301F-11D3-BF4B-00C04F79EFBC}") = "PersonalAgent.Domain", "src\PersonalAgent.Domain\PersonalAgent.Domain.csproj", "{49CFCDFB-6934-48C4-A18C-A94F56824669}"
EndProject
Project("{FAE04EC0-301F-11D3-BF4B-00C04F79EFBC}") = "PersonalAgent.Application", "src\PersonalAgent.Application\PersonalAgent.Application.csproj", "{F2927B87-80AF-44CF-8C93-CD12415183A7}"
EndProject
Project("{FAE04EC0-301F-11D3-BF4B-00C04F79EFBC}") = "PersonalAgent.Infrastructure", "src\PersonalAgent.Infrastructure\PersonalAgent.Infrastructure.csproj", "{4FF9C07B-D3FF-43F0-BCE4-88EF6D394054}"
EndProject
Project("{FAE04EC0-301F-11D3-BF4B-00C04F79EFBC}") = "PersonalAgent.Web", "src\PersonalAgent.Web\PersonalAgent.Web.csproj", "{15AA3EA4-5122-4201-8932-7FCD2164882F}"
EndProject
Project("{FAE04EC0-301F-11D3-BF4B-00C04F79EFBC}") = "PersonalAgent.ServiceDefaults", "src\PersonalAgent.ServiceDefaults\PersonalAgent.ServiceDefaults.csproj", "{71DDB8B2-3529-47CE-A20A-79F66AD226EA}"
EndProject
Project("{FAE04EC0-301F-11D3-BF4B-00C04F79EFBC}") = "PersonalAgent.AppHost", "src\PersonalAgent.AppHost\PersonalAgent.AppHost.csproj", "{FFB9CFC4-68FC-44DC-9EDB-DE94055A7A98}"
EndProject
Project("{2150E333-8FDC-42A3-9474-1A3956D46DE8}") = "tools", "tools", "{07C2787E-EAC7-C090-1BA3-A61EC2A24D84}"
EndProject
Project("{FAE04EC0-301F-11D3-BF4B-00C04F79EFBC}") = "PersonalAgent.SimulatorEndpoints", "tools\PersonalAgent.SimulatorEndpoints\PersonalAgent.SimulatorEndpoints.csproj", "{363DA585-6402-4687-AF40-FC17E890EFD5}"
EndProject
Project("{2150E333-8FDC-42A3-9474-1A3956D46DE8}") = "tests", "tests", "{0AB3BF05-4346-4AA6-1389-037BE0695223}"
EndProject
Project("{FAE04EC0-301F-11D3-BF4B-00C04F79EFBC}") = "PersonalAgent.UnitTests", "tests\PersonalAgent.UnitTests\PersonalAgent.UnitTests.csproj", "{BB9086EB-16B6-41D3-8D1C-5101A2AE160B}"
EndProject
Project("{FAE04EC0-301F-11D3-BF4B-00C04F79EFBC}") = "PersonalAgent.TestSupport", "tests\PersonalAgent.TestSupport\PersonalAgent.TestSupport.csproj", "{A8C52039-6E61-4529-8477-58D64710E465}"
EndProject
Project("{FAE04EC0-301F-11D3-BF4B-00C04F79EFBC}") = "PersonalAgent.ArchitectureTests", "tests\PersonalAgent.ArchitectureTests\PersonalAgent.ArchitectureTests.csproj", "{2923D372-BF18-4378-A713-E02EFAF9743D}"
EndProject
Project("{FAE04EC0-301F-11D3-BF4B-00C04F79EFBC}") = "PersonalAgent.IntegrationTests", "tests\PersonalAgent.IntegrationTests\PersonalAgent.IntegrationTests.csproj", "{E0DAABF5-149A-47B5-8842-B06CAE0A23EA}"
EndProject
Project("{FAE04EC0-301F-11D3-BF4B-00C04F79EFBC}") = "PersonalAgent.SdkContractTests", "tests\PersonalAgent.SdkContractTests\PersonalAgent.SdkContractTests.csproj", "{6FB33E09-8608-4C3C-ABB9-72C57FB60070}"
EndProject
Project("{FAE04EC0-301F-11D3-BF4B-00C04F79EFBC}") = "PersonalAgent.E2ETests", "tests\PersonalAgent.E2ETests\PersonalAgent.E2ETests.csproj", "{6D34306E-D64D-47D2-A328-E120D6C65A31}"
EndProject
Project("{FAE04EC0-301F-11D3-BF4B-00C04F79EFBC}") = "PersonalAgent.Validation", "tools\PersonalAgent.Validation\PersonalAgent.Validation.csproj", "{5FBD3305-D0A5-4CE9-B997-BF6EA198D384}"
EndProject
Global
	GlobalSection(SolutionConfigurationPlatforms) = preSolution
		Debug|Any CPU = Debug|Any CPU
		Debug|x64 = Debug|x64
		Debug|x86 = Debug|x86
		Release|Any CPU = Release|Any CPU
		Release|x64 = Release|x64
		Release|x86 = Release|x86
	EndGlobalSection
	GlobalSection(ProjectConfigurationPlatforms) = postSolution
		{49CFCDFB-6934-48C4-A18C-A94F56824669}.Debug|Any CPU.ActiveCfg = Debug|Any CPU
		{49CFCDFB-6934-48C4-A18C-A94F56824669}.Debug|Any CPU.Build.0 = Debug|Any CPU
		{49CFCDFB-6934-48C4-A18C-A94F56824669}.Debug|x64.ActiveCfg = Debug|Any CPU
		{49CFCDFB-6934-48C4-A18C-A94F56824669}.Debug|x64.Build.0 = Debug|Any CPU
		{49CFCDFB-6934-48C4-A18C-A94F56824669}.Debug|x86.ActiveCfg = Debug|Any CPU
		{49CFCDFB-6934-48C4-A18C-A94F56824669}.Debug|x86.Build.0 = Debug|Any CPU
		{49CFCDFB-6934-48C4-A18C-A94F56824669}.Release|Any CPU.ActiveCfg = Release|Any CPU
		{49CFCDFB-6934-48C4-A18C-A94F56824669}.Release|Any CPU.Build.0 = Release|Any CPU
		{49CFCDFB-6934-48C4-A18C-A94F56824669}.Release|x64.ActiveCfg = Release|Any CPU
		{49CFCDFB-6934-48C4-A18C-A94F56824669}.Release|x64.Build.0 = Release|Any CPU
		{49CFCDFB-6934-48C4-A18C-A94F56824669}.Release|x86.ActiveCfg = Release|Any CPU
		{49CFCDFB-6934-48C4-A18C-A94F56824669}.Release|x86.Build.0 = Release|Any CPU
		{F2927B87-80AF-44CF-8C93-CD12415183A7}.Debug|Any CPU.ActiveCfg = Debug|Any CPU
		{F2927B87-80AF-44CF-8C93-CD12415183A7}.Debug|Any CPU.Build.0 = Debug|Any CPU
		{F2927B87-80AF-44CF-8C93-CD12415183A7}.Debug|x64.ActiveCfg = Debug|Any CPU
		{F2927B87-80AF-44CF-8C93-CD12415183A7}.Debug|x64.Build.0 = Debug|Any CPU
		{F2927B87-80AF-44CF-8C93-CD12415183A7}.Debug|x86.ActiveCfg = Debug|Any CPU
		{F2927B87-80AF-44CF-8C93-CD12415183A7}.Debug|x86.Build.0 = Debug|Any CPU
		{F2927B87-80AF-44CF-8C93-CD12415183A7}.Release|Any CPU.ActiveCfg = Release|Any CPU
		{F2927B87-80AF-44CF-8C93-CD12415183A7}.Release|Any CPU.Build.0 = Release|Any CPU
		{F2927B87-80AF-44CF-8C93-CD12415183A7}.Release|x64.ActiveCfg = Release|Any CPU
		{F2927B87-80AF-44CF-8C93-CD12415183A7}.Release|x64.Build.0 = Release|Any CPU
		{F2927B87-80AF-44CF-8C93-CD12415183A7}.Release|x86.ActiveCfg = Release|Any CPU
		{F2927B87-80AF-44CF-8C93-CD12415183A7}.Release|x86.Build.0 = Release|Any CPU
		{4FF9C07B-D3FF-43F0-BCE4-88EF6D394054}.Debug|Any CPU.ActiveCfg = Debug|Any CPU
		{4FF9C07B-D3FF-43F0-BCE4-88EF6D394054}.Debug|Any CPU.Build.0 = Debug|Any CPU
		{4FF9C07B-D3FF-43F0-BCE4-88EF6D394054}.Debug|x64.ActiveCfg = Debug|Any CPU
		{4FF9C07B-D3FF-43F0-BCE4-88EF6D394054}.Debug|x64.Build.0 = Debug|Any CPU
		{4FF9C07B-D3FF-43F0-BCE4-88EF6D394054}.Debug|x86.ActiveCfg = Debug|Any CPU
		{4FF9C07B-D3FF-43F0-BCE4-88EF6D394054}.Debug|x86.Build.0 = Debug|Any CPU
		{4FF9C07B-D3FF-43F0-BCE4-88EF6D394054}.Release|Any CPU.ActiveCfg = Release|Any CPU
		{4FF9C07B-D3FF-43F0-BCE4-88EF6D394054}.Release|Any CPU.Build.0 = Release|Any CPU
		{4FF9C07B-D3FF-43F0-BCE4-88EF6D394054}.Release|x64.ActiveCfg = Release|Any CPU
		{4FF9C07B-D3FF-43F0-BCE4-88EF6D394054}.Release|x64.Build.0 = Release|Any CPU
		{4FF9C07B-D3FF-43F0-BCE4-88EF6D394054}.Release|x86.ActiveCfg = Release|Any CPU
		{4FF9C07B-D3FF-43F0-BCE4-88EF6D394054}.Release|x86.Build.0 = Release|Any CPU
		{15AA3EA4-5122-4201-8932-7FCD2164882F}.Debug|Any CPU.ActiveCfg = Debug|Any CPU
		{15AA3EA4-5122-4201-8932-7FCD2164882F}.Debug|Any CPU.Build.0 = Debug|Any CPU
		{15AA3EA4-5122-4201-8932-7FCD2164882F}.Debug|x64.ActiveCfg = Debug|Any CPU
		{15AA3EA4-5122-4201-8932-7FCD2164882F}.Debug|x64.Build.0 = Debug|Any CPU
		{15AA3EA4-5122-4201-8932-7FCD2164882F}.Debug|x86.ActiveCfg = Debug|Any CPU
		{15AA3EA4-5122-4201-8932-7FCD2164882F}.Debug|x86.Build.0 = Debug|Any CPU
		{15AA3EA4-5122-4201-8932-7FCD2164882F}.Release|Any CPU.ActiveCfg = Release|Any CPU
		{15AA3EA4-5122-4201-8932-7FCD2164882F}.Release|Any CPU.Build.0 = Release|Any CPU
		{15AA3EA4-5122-4201-8932-7FCD2164882F}.Release|x64.ActiveCfg = Release|Any CPU
		{15AA3EA4-5122-4201-8932-7FCD2164882F}.Release|x64.Build.0 = Release|Any CPU
		{15AA3EA4-5122-4201-8932-7FCD2164882F}.Release|x86.ActiveCfg = Release|Any CPU
		{15AA3EA4-5122-4201-8932-7FCD2164882F}.Release|x86.Build.0 = Release|Any CPU
		{71DDB8B2-3529-47CE-A20A-79F66AD226EA}.Debug|Any CPU.ActiveCfg = Debug|Any CPU
		{71DDB8B2-3529-47CE-A20A-79F66AD226EA}.Debug|Any CPU.Build.0 = Debug|Any CPU
		{71DDB8B2-3529-47CE-A20A-79F66AD226EA}.Debug|x64.ActiveCfg = Debug|Any CPU
		{71DDB8B2-3529-47CE-A20A-79F66AD226EA}.Debug|x64.Build.0 = Debug|Any CPU
		{71DDB8B2-3529-47CE-A20A-79F66AD226EA}.Debug|x86.ActiveCfg = Debug|Any CPU
		{71DDB8B2-3529-47CE-A20A-79F66AD226EA}.Debug|x86.Build.0 = Debug|Any CPU
		{71DDB8B2-3529-47CE-A20A-79F66AD226EA}.Release|Any CPU.ActiveCfg = Release|Any CPU
		{71DDB8B2-3529-47CE-A20A-79F66AD226EA}.Release|Any CPU.Build.0 = Release|Any CPU
		{71DDB8B2-3529-47CE-A20A-79F66AD226EA}.Release|x64.ActiveCfg = Release|Any CPU
		{71DDB8B2-3529-47CE-A20A-79F66AD226EA}.Release|x64.Build.0 = Release|Any CPU
		{71DDB8B2-3529-47CE-A20A-79F66AD226EA}.Release|x86.ActiveCfg = Release|Any CPU
		{71DDB8B2-3529-47CE-A20A-79F66AD226EA}.Release|x86.Build.0 = Release|Any CPU
		{FFB9CFC4-68FC-44DC-9EDB-DE94055A7A98}.Debug|Any CPU.ActiveCfg = Debug|Any CPU
		{FFB9CFC4-68FC-44DC-9EDB-DE94055A7A98}.Debug|Any CPU.Build.0 = Debug|Any CPU
		{FFB9CFC4-68FC-44DC-9EDB-DE94055A7A98}.Debug|x64.ActiveCfg = Debug|Any CPU
		{FFB9CFC4-68FC-44DC-9EDB-DE94055A7A98}.Debug|x64.Build.0 = Debug|Any CPU
		{FFB9CFC4-68FC-44DC-9EDB-DE94055A7A98}.Debug|x86.ActiveCfg = Debug|Any CPU
		{FFB9CFC4-68FC-44DC-9EDB-DE94055A7A98}.Debug|x86.Build.0 = Debug|Any CPU
		{FFB9CFC4-68FC-44DC-9EDB-DE94055A7A98}.Release|Any CPU.ActiveCfg = Release|Any CPU
		{FFB9CFC4-68FC-44DC-9EDB-DE94055A7A98}.Release|Any CPU.Build.0 = Release|Any CPU
		{FFB9CFC4-68FC-44DC-9EDB-DE94055A7A98}.Release|x64.ActiveCfg = Release|Any CPU
		{FFB9CFC4-68FC-44DC-9EDB-DE94055A7A98}.Release|x64.Build.0 = Release|Any CPU
		{FFB9CFC4-68FC-44DC-9EDB-DE94055A7A98}.Release|x86.ActiveCfg = Release|Any CPU
		{FFB9CFC4-68FC-44DC-9EDB-DE94055A7A98}.Release|x86.Build.0 = Release|Any CPU
		{363DA585-6402-4687-AF40-FC17E890EFD5}.Debug|Any CPU.ActiveCfg = Debug|Any CPU
		{363DA585-6402-4687-AF40-FC17E890EFD5}.Debug|Any CPU.Build.0 = Debug|Any CPU
		{363DA585-6402-4687-AF40-FC17E890EFD5}.Debug|x64.ActiveCfg = Debug|Any CPU
		{363DA585-6402-4687-AF40-FC17E890EFD5}.Debug|x64.Build.0 = Debug|Any CPU
		{363DA585-6402-4687-AF40-FC17E890EFD5}.Debug|x86.ActiveCfg = Debug|Any CPU
		{363DA585-6402-4687-AF40-FC17E890EFD5}.Debug|x86.Build.0 = Debug|Any CPU
		{363DA585-6402-4687-AF40-FC17E890EFD5}.Release|Any CPU.ActiveCfg = Release|Any CPU
		{363DA585-6402-4687-AF40-FC17E890EFD5}.Release|Any CPU.Build.0 = Release|Any CPU
		{363DA585-6402-4687-AF40-FC17E890EFD5}.Release|x64.ActiveCfg = Release|Any CPU
		{363DA585-6402-4687-AF40-FC17E890EFD5}.Release|x64.Build.0 = Release|Any CPU
		{363DA585-6402-4687-AF40-FC17E890EFD5}.Release|x86.ActiveCfg = Release|Any CPU
		{363DA585-6402-4687-AF40-FC17E890EFD5}.Release|x86.Build.0 = Release|Any CPU
		{BB9086EB-16B6-41D3-8D1C-5101A2AE160B}.Debug|Any CPU.ActiveCfg = Debug|Any CPU
		{BB9086EB-16B6-41D3-8D1C-5101A2AE160B}.Debug|Any CPU.Build.0 = Debug|Any CPU
		{BB9086EB-16B6-41D3-8D1C-5101A2AE160B}.Debug|x64.ActiveCfg = Debug|Any CPU
		{BB9086EB-16B6-41D3-8D1C-5101A2AE160B}.Debug|x64.Build.0 = Debug|Any CPU
		{BB9086EB-16B6-41D3-8D1C-5101A2AE160B}.Debug|x86.ActiveCfg = Debug|Any CPU
		{BB9086EB-16B6-41D3-8D1C-5101A2AE160B}.Debug|x86.Build.0 = Debug|Any CPU
		{BB9086EB-16B6-41D3-8D1C-5101A2AE160B}.Release|Any CPU.ActiveCfg = Release|Any CPU
		{BB9086EB-16B6-41D3-8D1C-5101A2AE160B}.Release|Any CPU.Build.0 = Release|Any CPU
		{BB9086EB-16B6-41D3-8D1C-5101A2AE160B}.Release|x64.ActiveCfg = Release|Any CPU
		{BB9086EB-16B6-41D3-8D1C-5101A2AE160B}.Release|x64.Build.0 = Release|Any CPU
		{BB9086EB-16B6-41D3-8D1C-5101A2AE160B}.Release|x86.ActiveCfg = Release|Any CPU
		{BB9086EB-16B6-41D3-8D1C-5101A2AE160B}.Release|x86.Build.0 = Release|Any CPU
		{A8C52039-6E61-4529-8477-58D64710E465}.Debug|Any CPU.ActiveCfg = Debug|Any CPU
		{A8C52039-6E61-4529-8477-58D64710E465}.Debug|Any CPU.Build.0 = Debug|Any CPU
		{A8C52039-6E61-4529-8477-58D64710E465}.Debug|x64.ActiveCfg = Debug|Any CPU
		{A8C52039-6E61-4529-8477-58D64710E465}.Debug|x64.Build.0 = Debug|Any CPU
		{A8C52039-6E61-4529-8477-58D64710E465}.Debug|x86.ActiveCfg = Debug|Any CPU
		{A8C52039-6E61-4529-8477-58D64710E465}.Debug|x86.Build.0 = Debug|Any CPU
		{A8C52039-6E61-4529-8477-58D64710E465}.Release|Any CPU.ActiveCfg = Release|Any CPU
		{A8C52039-6E61-4529-8477-58D64710E465}.Release|Any CPU.Build.0 = Release|Any CPU
		{A8C52039-6E61-4529-8477-58D64710E465}.Release|x64.ActiveCfg = Release|Any CPU
		{A8C52039-6E61-4529-8477-58D64710E465}.Release|x64.Build.0 = Release|Any CPU
		{A8C52039-6E61-4529-8477-58D64710E465}.Release|x86.ActiveCfg = Release|Any CPU
		{A8C52039-6E61-4529-8477-58D64710E465}.Release|x86.Build.0 = Release|Any CPU
		{2923D372-BF18-4378-A713-E02EFAF9743D}.Debug|Any CPU.ActiveCfg = Debug|Any CPU
		{2923D372-BF18-4378-A713-E02EFAF9743D}.Debug|Any CPU.Build.0 = Debug|Any CPU
		{2923D372-BF18-4378-A713-E02EFAF9743D}.Debug|x64.ActiveCfg = Debug|Any CPU
		{2923D372-BF18-4378-A713-E02EFAF9743D}.Debug|x64.Build.0 = Debug|Any CPU
		{2923D372-BF18-4378-A713-E02EFAF9743D}.Debug|x86.ActiveCfg = Debug|Any CPU
		{2923D372-BF18-4378-A713-E02EFAF9743D}.Debug|x86.Build.0 = Debug|Any CPU
		{2923D372-BF18-4378-A713-E02EFAF9743D}.Release|Any CPU.ActiveCfg = Release|Any CPU
		{2923D372-BF18-4378-A713-E02EFAF9743D}.Release|Any CPU.Build.0 = Release|Any CPU
		{2923D372-BF18-4378-A713-E02EFAF9743D}.Release|x64.ActiveCfg = Release|Any CPU
		{2923D372-BF18-4378-A713-E02EFAF9743D}.Release|x64.Build.0 = Release|Any CPU
		{2923D372-BF18-4378-A713-E02EFAF9743D}.Release|x86.ActiveCfg = Release|Any CPU
		{2923D372-BF18-4378-A713-E02EFAF9743D}.Release|x86.Build.0 = Release|Any CPU
		{E0DAABF5-149A-47B5-8842-B06CAE0A23EA}.Debug|Any CPU.ActiveCfg = Debug|Any CPU
		{E0DAABF5-149A-47B5-8842-B06CAE0A23EA}.Debug|Any CPU.Build.0 = Debug|Any CPU
		{E0DAABF5-149A-47B5-8842-B06CAE0A23EA}.Debug|x64.ActiveCfg = Debug|Any CPU
		{E0DAABF5-149A-47B5-8842-B06CAE0A23EA}.Debug|x64.Build.0 = Debug|Any CPU
		{E0DAABF5-149A-47B5-8842-B06CAE0A23EA}.Debug|x86.ActiveCfg = Debug|Any CPU
		{E0DAABF5-149A-47B5-8842-B06CAE0A23EA}.Debug|x86.Build.0 = Debug|Any CPU
		{E0DAABF5-149A-47B5-8842-B06CAE0A23EA}.Release|Any CPU.ActiveCfg = Release|Any CPU
		{E0DAABF5-149A-47B5-8842-B06CAE0A23EA}.Release|Any CPU.Build.0 = Release|Any CPU
		{E0DAABF5-149A-47B5-8842-B06CAE0A23EA}.Release|x64.ActiveCfg = Release|Any CPU
		{E0DAABF5-149A-47B5-8842-B06CAE0A23EA}.Release|x64.Build.0 = Release|Any CPU
		{E0DAABF5-149A-47B5-8842-B06CAE0A23EA}.Release|x86.ActiveCfg = Release|Any CPU
		{E0DAABF5-149A-47B5-8842-B06CAE0A23EA}.Release|x86.Build.0 = Release|Any CPU
		{6FB33E09-8608-4C3C-ABB9-72C57FB60070}.Debug|Any CPU.ActiveCfg = Debug|Any CPU
		{6FB33E09-8608-4C3C-ABB9-72C57FB60070}.Debug|Any CPU.Build.0 = Debug|Any CPU
		{6FB33E09-8608-4C3C-ABB9-72C57FB60070}.Debug|x64.ActiveCfg = Debug|Any CPU
		{6FB33E09-8608-4C3C-ABB9-72C57FB60070}.Debug|x64.Build.0 = Debug|Any CPU
		{6FB33E09-8608-4C3C-ABB9-72C57FB60070}.Debug|x86.ActiveCfg = Debug|Any CPU
		{6FB33E09-8608-4C3C-ABB9-72C57FB60070}.Debug|x86.Build.0 = Debug|Any CPU
		{6FB33E09-8608-4C3C-ABB9-72C57FB60070}.Release|Any CPU.ActiveCfg = Release|Any CPU
		{6FB33E09-8608-4C3C-ABB9-72C57FB60070}.Release|Any CPU.Build.0 = Release|Any CPU
		{6FB33E09-8608-4C3C-ABB9-72C57FB60070}.Release|x64.ActiveCfg = Release|Any CPU
		{6FB33E09-8608-4C3C-ABB9-72C57FB60070}.Release|x64.Build.0 = Release|Any CPU
		{6FB33E09-8608-4C3C-ABB9-72C57FB60070}.Release|x86.ActiveCfg = Release|Any CPU
		{6FB33E09-8608-4C3C-ABB9-72C57FB60070}.Release|x86.Build.0 = Release|Any CPU
		{6D34306E-D64D-47D2-A328-E120D6C65A31}.Debug|Any CPU.ActiveCfg = Debug|Any CPU
		{6D34306E-D64D-47D2-A328-E120D6C65A31}.Debug|Any CPU.Build.0 = Debug|Any CPU
		{6D34306E-D64D-47D2-A328-E120D6C65A31}.Debug|x64.ActiveCfg = Debug|Any CPU
		{6D34306E-D64D-47D2-A328-E120D6C65A31}.Debug|x64.Build.0 = Debug|Any CPU
		{6D34306E-D64D-47D2-A328-E120D6C65A31}.Debug|x86.ActiveCfg = Debug|Any CPU
		{6D34306E-D64D-47D2-A328-E120D6C65A31}.Debug|x86.Build.0 = Debug|Any CPU
		{6D34306E-D64D-47D2-A328-E120D6C65A31}.Release|Any CPU.ActiveCfg = Release|Any CPU
		{6D34306E-D64D-47D2-A328-E120D6C65A31}.Release|Any CPU.Build.0 = Release|Any CPU
		{6D34306E-D64D-47D2-A328-E120D6C65A31}.Release|x64.ActiveCfg = Release|Any CPU
		{6D34306E-D64D-47D2-A328-E120D6C65A31}.Release|x64.Build.0 = Release|Any CPU
		{6D34306E-D64D-47D2-A328-E120D6C65A31}.Release|x86.ActiveCfg = Release|Any CPU
		{6D34306E-D64D-47D2-A328-E120D6C65A31}.Release|x86.Build.0 = Release|Any CPU
		{5FBD3305-D0A5-4CE9-B997-BF6EA198D384}.Debug|Any CPU.ActiveCfg = Debug|Any CPU
		{5FBD3305-D0A5-4CE9-B997-BF6EA198D384}.Debug|Any CPU.Build.0 = Debug|Any CPU
		{5FBD3305-D0A5-4CE9-B997-BF6EA198D384}.Debug|x64.ActiveCfg = Debug|Any CPU
		{5FBD3305-D0A5-4CE9-B997-BF6EA198D384}.Debug|x64.Build.0 = Debug|Any CPU
		{5FBD3305-D0A5-4CE9-B997-BF6EA198D384}.Debug|x86.ActiveCfg = Debug|Any CPU
		{5FBD3305-D0A5-4CE9-B997-BF6EA198D384}.Debug|x86.Build.0 = Debug|Any CPU
		{5FBD3305-D0A5-4CE9-B997-BF6EA198D384}.Release|Any CPU.ActiveCfg = Release|Any CPU
		{5FBD3305-D0A5-4CE9-B997-BF6EA198D384}.Release|Any CPU.Build.0 = Release|Any CPU
		{5FBD3305-D0A5-4CE9-B997-BF6EA198D384}.Release|x64.ActiveCfg = Release|Any CPU
		{5FBD3305-D0A5-4CE9-B997-BF6EA198D384}.Release|x64.Build.0 = Release|Any CPU
		{5FBD3305-D0A5-4CE9-B997-BF6EA198D384}.Release|x86.ActiveCfg = Release|Any CPU
		{5FBD3305-D0A5-4CE9-B997-BF6EA198D384}.Release|x86.Build.0 = Release|Any CPU
	EndGlobalSection
	GlobalSection(SolutionProperties) = preSolution
		HideSolutionNode = FALSE
	EndGlobalSection
	GlobalSection(NestedProjects) = preSolution
		{49CFCDFB-6934-48C4-A18C-A94F56824669} = {827E0CD3-B72D-47B6-A68D-7590B98EB39B}
		{F2927B87-80AF-44CF-8C93-CD12415183A7} = {827E0CD3-B72D-47B6-A68D-7590B98EB39B}
		{4FF9C07B-D3FF-43F0-BCE4-88EF6D394054} = {827E0CD3-B72D-47B6-A68D-7590B98EB39B}
		{15AA3EA4-5122-4201-8932-7FCD2164882F} = {827E0CD3-B72D-47B6-A68D-7590B98EB39B}
		{71DDB8B2-3529-47CE-A20A-79F66AD226EA} = {827E0CD3-B72D-47B6-A68D-7590B98EB39B}
		{FFB9CFC4-68FC-44DC-9EDB-DE94055A7A98} = {827E0CD3-B72D-47B6-A68D-7590B98EB39B}
		{363DA585-6402-4687-AF40-FC17E890EFD5} = {07C2787E-EAC7-C090-1BA3-A61EC2A24D84}
		{BB9086EB-16B6-41D3-8D1C-5101A2AE160B} = {0AB3BF05-4346-4AA6-1389-037BE0695223}
		{A8C52039-6E61-4529-8477-58D64710E465} = {0AB3BF05-4346-4AA6-1389-037BE0695223}
		{2923D372-BF18-4378-A713-E02EFAF9743D} = {0AB3BF05-4346-4AA6-1389-037BE0695223}
		{E0DAABF5-149A-47B5-8842-B06CAE0A23EA} = {0AB3BF05-4346-4AA6-1389-037BE0695223}
		{6FB33E09-8608-4C3C-ABB9-72C57FB60070} = {0AB3BF05-4346-4AA6-1389-037BE0695223}
		{6D34306E-D64D-47D2-A328-E120D6C65A31} = {0AB3BF05-4346-4AA6-1389-037BE0695223}
		{5FBD3305-D0A5-4CE9-B997-BF6EA198D384} = {07C2787E-EAC7-C090-1BA3-A61EC2A24D84}
	EndGlobalSection
EndGlobal
